// !$*UTF8*$!
{
	archiveVersion = 1;
	classes = {
	};
	objectVersion = 56;
	objects = {

/* Begin PBXBuildFile section */
		38CF6904EA81D7B8E4BA9A4E /* Pods_Chat_App_SwiftUI.framework in Frameworks */ = {isa = PBXBuildFile; fileRef = 9CCD0007C22D8472DC87F3F1 /* Pods_Chat_App_SwiftUI.framework */; };
		EB3F17542B9EABAE000F149C /* Chat_App_SwiftUIApp.swift in Sources */ = {isa = PBXBuildFile; fileRef = EB3F17532B9EABAE000F149C /* Chat_App_SwiftUIApp.swift */; };
		EB3F17562B9EABAE000F149C /* ContentView.swift in Sources */ = {isa = PBXBuildFile; fileRef = EB3F17552B9EABAE000F149C /* ContentView.swift */; };
		EB3F17582B9EABB0000F149C /* Assets.xcassets in Resources */ = {isa = PBXBuildFile; fileRef = EB3F17572B9EABB0000F149C /* Assets.xcassets */; };
		EB3F175B2B9EABB0000F149C /* Preview Assets.xcassets in Resources */ = {isa = PBXBuildFile; fileRef = EB3F175A2B9EABB0000F149C /* Preview Assets.xcassets */; };
		EB3F177C2B9ED5B9000F149C /* Message.swift in Sources */ = {isa = PBXBuildFile; fileRef = EB3F177B2B9ED5B9000F149C /* Message.swift */; };
		EB3F177E2B9ED672000F149C /* MessageView.swift in Sources */ = {isa = PBXBuildFile; fileRef = EB3F177D2B9ED672000F149C /* MessageView.swift */; };
		EB3F17822B9EDAAE000F149C /* ChatView.swift in Sources */ = {isa = PBXBuildFile; fileRef = EB3F17812B9EDAAE000F149C /* ChatView.swift */; };
		EB3F17842B9EDBA6000F149C /* ChatViewModel.swift in Sources */ = {isa = PBXBuildFile; fileRef = EB3F17832B9EDBA6000F149C /* ChatViewModel.swift */; };
		EB9C5E922BA0163900846725 /* SignInView.swift in Sources */ = {isa = PBXBuildFile; fileRef = EB9C5E912BA0163900846725 /* SignInView.swift */; };
		EB9C5E942BA0237400846725 /* GoogleService-Info.plist in Resources */ = {isa = PBXBuildFile; fileRef = EB9C5E932BA0237400846725 /* GoogleService-Info.plist */; };
		EB9C5E972BA023BC00846725 /* AuthManager.swift in Sources */ = {isa = PBXBuildFile; fileRef = EB9C5E962BA023BC00846725 /* AuthManager.swift */; };
		EB9C5E992BA023C800846725 /* DatabaseManger.swift in Sources */ = {isa = PBXBuildFile; fileRef = EB9C5E982BA023C800846725 /* DatabaseManger.swift */; };
		EB9C5E9C2BA0271000846725 /* RootViewController.swift in Sources */ = {isa = PBXBuildFile; fileRef = EB9C5E9B2BA0271000846725 /* RootViewController.swift */; };
/* End PBXBuildFile section */

/* Begin PBXFileReference section */
		8D351189CB0077AE0DA0F002 /* Pods-Chat-App-SwiftUI.release.xcconfig */ = {isa = PBXFileReference; includeInIndex = 1; lastKnownFileType = text.xcconfig; name = "Pods-Chat-App-SwiftUI.release.xcconfig"; path = "Target Support Files/Pods-Chat-App-SwiftUI/Pods-Chat-App-SwiftUI.release.xcconfig"; sourceTree = "<group>"; };
		9CCD0007C22D8472DC87F3F1 /* Pods_Chat_App_SwiftUI.framework */ = {isa = PBXFileReference; explicitFileType = wrapper.framework; includeInIndex = 0; path = Pods_Chat_App_SwiftUI.framework; sourceTree = BUILT_PRODUCTS_DIR; };
		B86801A14BE45331A3AE1EEA /* Pods-Chat-App-SwiftUI.debug.xcconfig */ = {isa = PBXFileReference; includeInIndex = 1; lastKnownFileType = text.xcconfig; name = "Pods-Chat-App-SwiftUI.debug.xcconfig"; path = "Target Support Files/Pods-Chat-App-SwiftUI/Pods-Chat-App-SwiftUI.debug.xcconfig"; sourceTree = "<group>"; };
		EB3F17502B9EABAE000F149C /* Chat-App-SwiftUI.app */ = {isa = PBXFileReference; explicitFileType = wrapper.application; includeInIndex = 0; path = "Chat-App-SwiftUI.app"; sourceTree = BUILT_PRODUCTS_DIR; };
		EB3F17532B9EABAE000F149C /* Chat_App_SwiftUIApp.swift */ = {isa = PBXFileReference; lastKnownFileType = sourcecode.swift; path = Chat_App_SwiftUIApp.swift; sourceTree = "<group>"; };
		EB3F17552B9EABAE000F149C /* ContentView.swift */ = {isa = PBXFileReference; lastKnownFileType = sourcecode.swift; path = ContentView.swift; sourceTree = "<group>"; };
		EB3F17572B9EABB0000F149C /* Assets.xcassets */ = {isa = PBXFileReference; lastKnownFileType = folder.assetcatalog; path = Assets.xcassets; sourceTree = "<group>"; };
		EB3F175A2B9EABB0000F149C /* Preview Assets.xcassets */ = {isa = PBXFileReference; lastKnownFileType = folder.assetcatalog; path = "Preview Assets.xcassets"; sourceTree = "<group>"; };
		EB3F177B2B9ED5B9000F149C /* Message.swift */ = {isa = PBXFileReference; lastKnownFileType = sourcecode.swift; path = Message.swift; sourceTree = "<group>"; };
		EB3F177D2B9ED672000F149C /* MessageView.swift */ = {isa = PBXFileReference; lastKnownFileType = sourcecode.swift; path = MessageView.swift; sourceTree = "<group>"; };
		EB3F17812B9EDAAE000F149C /* ChatView.swift */ = {isa = PBXFileReference; lastKnownFileType = sourcecode.swift; path = ChatView.swift; sourceTree = "<group>"; };
		EB3F17832B9EDBA6000F149C /* ChatViewModel.swift */ = {isa = PBXFileReference; lastKnownFileType = sourcecode.swift; path = ChatViewModel.swift; sourceTree = "<group>"; };
		EB9C5E912BA0163900846725 /* SignInView.swift */ = {isa = PBXFileReference; lastKnownFileType = sourcecode.swift; path = SignInView.swift; sourceTree = "<group>"; };
		EB9C5E932BA0237400846725 /* GoogleService-Info.plist */ = {isa = PBXFileReference; fileEncoding = 4; lastKnownFileType = text.plist.xml; path = "GoogleService-Info.plist"; sourceTree = "<group>"; };
		EB9C5E962BA023BC00846725 /* AuthManager.swift */ = {isa = PBXFileReference; lastKnownFileType = sourcecode.swift; path = AuthManager.swift; sourceTree = "<group>"; };
		EB9C5E982BA023C800846725 /* DatabaseManger.swift */ = {isa = PBXFileReference; lastKnownFileType = sourcecode.swift; path = DatabaseManger.swift; sourceTree = "<group>"; };
		EB9C5E9A2BA024B800846725 /* Info.plist */ = {isa = PBXFileReference; lastKnownFileType = text.plist; path = Info.plist; sourceTree = "<group>"; };
		EB9C5E9B2BA0271000846725 /* RootViewController.swift */ = {isa = PBXFileReference; lastKnownFileType = sourcecode.swift; path = RootViewController.swift; sourceTree = "<group>"; };
/* End PBXFileReference section */

/* Begin PBXFrameworksBuildPhase section */
		EB3F174D2B9EABAE000F149C /* Frameworks */ = {
			isa = PBXFrameworksBuildPhase;
			buildActionMask = 2147483647;
			files = (
				38CF6904EA81D7B8E4BA9A4E /* Pods_Chat_App_SwiftUI.framework in Frameworks */,
			);
			runOnlyForDeploymentPostprocessing = 0;
		};
/* End PBXFrameworksBuildPhase section */

/* Begin PBXGroup section */
		2B918CF94FB25BE8453ACC20 /* Pods */ = {
			isa = PBXGroup;
			children = (
				B86801A14BE45331A3AE1EEA /* Pods-Chat-App-SwiftUI.debug.xcconfig */,
				8D351189CB0077AE0DA0F002 /* Pods-Chat-App-SwiftUI.release.xcconfig */,
			);
			path = Pods;
			sourceTree = "<group>";
		};
		59C3AD908B48350833B9F119 /* Frameworks */ = {
			isa = PBXGroup;
			children = (
				9CCD0007C22D8472DC87F3F1 /* Pods_Chat_App_SwiftUI.framework */,
			);
			name = Frameworks;
			sourceTree = "<group>";
		};
		EB3F17472B9EABAD000F149C = {
			isa = PBXGroup;
			children = (
				EB9C5E932BA0237400846725 /* GoogleService-Info.plist */,
				EB3F17522B9EABAE000F149C /* Chat-App-SwiftUI */,
				EB3F17512B9EABAE000F149C /* Products */,
				2B918CF94FB25BE8453ACC20 /* Pods */,
				59C3AD908B48350833B9F119 /* Frameworks */,
			);
			sourceTree = "<group>";
		};
		EB3F17512B9EABAE000F149C /* Products */ = {
			isa = PBXGroup;
			children = (
				EB3F17502B9EABAE000F149C /* Chat-App-SwiftUI.app */,
			);
			name = Products;
			sourceTree = "<group>";
		};
		EB3F17522B9EABAE000F149C /* Chat-App-SwiftUI */ = {
			isa = PBXGroup;
			children = (
				EB3F17532B9EABAE000F149C /* Chat_App_SwiftUIApp.swift */,
				EB9C5E9A2BA024B800846725 /* Info.plist */,
				EB9C5E952BA0238B00846725 /* Managers */,
				EB3F17802B9ED748000F149C /* views */,
				EB3F177F2B9ED740000F149C /* model */,
				EB3F17552B9EABAE000F149C /* ContentView.swift */,
				EB3F17572B9EABB0000F149C /* Assets.xcassets */,
				EB3F17592B9EABB0000F149C /* Preview Content */,
			);
			path = "Chat-App-SwiftUI";
			sourceTree = "<group>";
		};
		EB3F17592B9EABB0000F149C /* Preview Content */ = {
			isa = PBXGroup;
			children = (
				EB3F175A2B9EABB0000F149C /* Preview Assets.xcassets */,
			);
			path = "Preview Content";
			sourceTree = "<group>";
		};
		EB3F177F2B9ED740000F149C /* model */ = {
			isa = PBXGroup;
			children = (
				EB3F177B2B9ED5B9000F149C /* Message.swift */,
				EB3F17832B9EDBA6000F149C /* ChatViewModel.swift */,
			);
			path = model;
			sourceTree = "<group>";
		};
		EB3F17802B9ED748000F149C /* views */ = {
			isa = PBXGroup;
			children = (
				EB3F177D2B9ED672000F149C /* MessageView.swift */,
				EB3F17812B9EDAAE000F149C /* ChatView.swift */,
				EB9C5E912BA0163900846725 /* SignInView.swift */,
				EB9C5E9B2BA0271000846725 /* RootViewController.swift */,
			);
			path = views;
			sourceTree = "<group>";
		};
		EB9C5E952BA0238B00846725 /* Managers */ = {
			isa = PBXGroup;
			children = (
				EB9C5E962BA023BC00846725 /* AuthManager.swift */,
				EB9C5E982BA023C800846725 /* DatabaseManger.swift */,
			);
			path = Managers;
			sourceTree = "<group>";
		};
/* End PBXGroup section */

/* Begin PBXNativeTarget section */
		EB3F174F2B9EABAE000F149C /* Chat-App-SwiftUI */ = {
			isa = PBXNativeTarget;
			buildConfigurationList = EB3F175E2B9EABB0000F149C /* Build configuration list for PBXNativeTarget "Chat-App-SwiftUI" */;
			buildPhases = (
				2527BB6B9490FD4089EFAD30 /* [CP] Check Pods Manifest.lock */,
				EB3F174C2B9EABAE000F149C /* Sources */,
				EB3F174D2B9EABAE000F149C /* Frameworks */,
				EB3F174E2B9EABAE000F149C /* Resources */,
				F123C40C5130EB37AB79C23C /* [CP] Embed Pods Frameworks */,
			);
			buildRules = (
			);
			dependencies = (
			);
			name = "Chat-App-SwiftUI";
			productName = "Chat-App-SwiftUI";
			productReference = EB3F17502B9EABAE000F149C /* Chat-App-SwiftUI.app */;
			productType = "com.apple.product-type.application";
		};
/* End PBXNativeTarget section */

/* Begin PBXProject section */
		EB3F17482B9EABAD000F149C /* Project object */ = {
			isa = PBXProject;
			attributes = {
				BuildIndependentTargetsInParallel = 1;
				LastSwiftUpdateCheck = 1500;
				LastUpgradeCheck = 1500;
				TargetAttributes = {
					EB3F174F2B9EABAE000F149C = {
						CreatedOnToolsVersion = 15.0;
					};
				};
			};
			buildConfigurationList = EB3F174B2B9EABAD000F149C /* Build configuration list for PBXProject "Chat-App-SwiftUI" */;
			compatibilityVersion = "Xcode 14.0";
			developmentRegion = en;
			hasScannedForEncodings = 0;
			knownRegions = (
				en,
				Base,
			);
			mainGroup = EB3F17472B9EABAD000F149C;
			productRefGroup = EB3F17512B9EABAE000F149C /* Products */;
			projectDirPath = "";
			projectRoot = "";
			targets = (
				EB3F174F2B9EABAE000F149C /* Chat-App-SwiftUI */,
			);
		};
/* End PBXProject section */

/* Begin PBXResourcesBuildPhase section */
		EB3F174E2B9EABAE000F149C /* Resources */ = {
			isa = PBXResourcesBuildPhase;
			buildActionMask = 2147483647;
			files = (
				EB9C5E942BA0237400846725 /* GoogleService-Info.plist in Resources */,
				EB3F175B2B9EABB0000F149C /* Preview Assets.xcassets in Resources */,
				EB3F17582B9EABB0000F149C /* Assets.xcassets in Resources */,
			);
			runOnlyForDeploymentPostprocessing = 0;
		};
/* End PBXResourcesBuildPhase section */

/* Begin PBXShellScriptBuildPhase section */
		2527BB6B9490FD4089EFAD30 /* [CP] Check Pods Manifest.lock */ = {
			isa = PBXShellScriptBuildPhase;
			buildActionMask = 2147483647;
			files = (
			);
			inputFileListPaths = (
			);
			inputPaths = (
				"${PODS_PODFILE_DIR_PATH}/Podfile.lock",
				"${PODS_ROOT}/Manifest.lock",
			);
			name = "[CP] Check Pods Manifest.lock";
			outputFileListPaths = (
			);
			outputPaths = (
				"$(DERIVED_FILE_DIR)/Pods-Chat-App-SwiftUI-checkManifestLockResult.txt",
			);
			runOnlyForDeploymentPostprocessing = 0;
			shellPath = /bin/sh;
			shellScript = "diff \"${PODS_PODFILE_DIR_PATH}/Podfile.lock\" \"${PODS_ROOT}/Manifest.lock\" > /dev/null\nif [ $? != 0 ] ; then\n    # print error to STDERR\n    echo \"error: The sandbox is not in sync with the Podfile.lock. Run 'pod install' or update your CocoaPods installation.\" >&2\n    exit 1\nfi\n# This output is used by Xcode 'outputs' to avoid re-running this script phase.\necho \"SUCCESS\" > \"${SCRIPT_OUTPUT_FILE_0}\"\n";
			showEnvVarsInLog = 0;
		};
		F123C40C5130EB37AB79C23C /* [CP] Embed Pods Frameworks */ = {
			isa = PBXShellScriptBuildPhase;
			buildActionMask = 2147483647;
			files = (
			);
			inputFileListPaths = (
				"${PODS_ROOT}/Target Support Files/Pods-Chat-App-SwiftUI/Pods-Chat-App-SwiftUI-frameworks-${CONFIGURATION}-input-files.xcfilelist",
			);
			name = "[CP] Embed Pods Frameworks";
			outputFileListPaths = (
				"${PODS_ROOT}/Target Support Files/Pods-Chat-App-SwiftUI/Pods-Chat-App-SwiftUI-frameworks-${CONFIGURATION}-output-files.xcfilelist",
			);
			runOnlyForDeploymentPostprocessing = 0;
			shellPath = /bin/sh;
			shellScript = "\"${PODS_ROOT}/Target Support Files/Pods-Chat-App-SwiftUI/Pods-Chat-App-SwiftUI-frameworks.sh\"\n";
			showEnvVarsInLog = 0;
		};
/* End PBXShellScriptBuildPhase section */

/* Begin PBXSourcesBuildPhase section */
		EB3F174C2B9EABAE000F149C /* Sources */ = {
			isa = PBXSourcesBuildPhase;
			buildActionMask = 2147483647;
			files = (
				EB9C5E9C2BA0271000846725 /* RootViewController.swift in Sources */,
				EB3F177E2B9ED672000F149C /* MessageView.swift in Sources */,
				EB9C5E972BA023BC00846725 /* AuthManager.swift in Sources */,
				EB9C5E922BA0163900846725 /* SignInView.swift in Sources */,
				EB3F177C2B9ED5B9000F149C /* Message.swift in Sources */,
				EB3F17822B9EDAAE000F149C /* ChatView.swift in Sources */,
				EB9C5E992BA023C800846725 /* DatabaseManger.swift in Sources */,
				EB3F17562B9EABAE000F149C /* ContentView.swift in Sources */,
				EB3F17842B9EDBA6000F149C /* ChatViewModel.swift in Sources */,
				EB3F17542B9EABAE000F149C /* Chat_App_SwiftUIApp.swift in Sources */,
			);
			runOnlyForDeploymentPostprocessing = 0;
		};
/* End PBXSourcesBuildPhase section */

/* Begin XCBuildConfiguration section */
		EB3F175C2B9EABB0000F149C /* Debug */ = {
			isa = XCBuildConfiguration;
			buildSettings = {
				ALWAYS_SEARCH_USER_PATHS = NO;
				ASSETCATALOG_COMPILER_GENERATE_SWIFT_ASSET_SYMBOL_EXTENSIONS = YES;
				CLANG_ANALYZER_NONNULL = YES;
				CLANG_ANALYZER_NUMBER_OBJECT_CONVERSION = YES_AGGRESSIVE;
				CLANG_CXX_LANGUAGE_STANDARD = "gnu++20";
				CLANG_ENABLE_MODULES = YES;
				CLANG_ENABLE_OBJC_ARC = YES;
				CLANG_ENABLE_OBJC_WEAK = YES;
				CLANG_WARN_BLOCK_CAPTURE_AUTORELEASING = YES;
				CLANG_WARN_BOOL_CONVERSION = YES;
				CLANG_WARN_COMMA = YES;
				CLANG_WARN_CONSTANT_CONVERSION = YES;
				CLANG_WARN_DEPRECATED_OBJC_IMPLEMENTATIONS = YES;
				CLANG_WARN_DIRECT_OBJC_ISA_USAGE = YES_ERROR;
				CLANG_WARN_DOCUMENTATION_COMMENTS = YES;
				CLANG_WARN_EMPTY_BODY = YES;
				CLANG_WARN_ENUM_CONVERSION = YES;
				CLANG_WARN_INFINITE_RECURSION = YES;
				CLANG_WARN_INT_CONVERSION = YES;
				CLANG_WARN_NON_LITERAL_NULL_CONVERSION = YES;
				CLANG_WARN_OBJC_IMPLICIT_RETAIN_SELF = YES;
				CLANG_WARN_OBJC_LITERAL_CONVERSION = YES;
				CLANG_WARN_OBJC_ROOT_CLASS = YES_ERROR;
				CLANG_WARN_QUOTED_INCLUDE_IN_FRAMEWORK_HEADER = YES;
				CLANG_WARN_RANGE_LOOP_ANALYSIS = YES;
				CLANG_WARN_STRICT_PROTOTYPES = YES;
				CLANG_WARN_SUSPICIOUS_MOVE = YES;
				CLANG_WARN_UNGUARDED_AVAILABILITY = YES_AGGRESSIVE;
				CLANG_WARN_UNREACHABLE_CODE = YES;
				CLANG_WARN__DUPLICATE_METHOD_MATCH = YES;
				COPY_PHASE_STRIP = NO;
				DEBUG_INFORMATION_FORMAT = dwarf;
				ENABLE_STRICT_OBJC_MSGSEND = YES;
				ENABLE_TESTABILITY = YES;
				ENABLE_USER_SCRIPT_SANDBOXING = YES;
				GCC_C_LANGUAGE_STANDARD = gnu17;
				GCC_DYNAMIC_NO_PIC = NO;
				GCC_NO_COMMON_BLOCKS = YES;
				GCC_OPTIMIZATION_LEVEL = 0;
				GCC_PREPROCESSOR_DEFINITIONS = (
					"DEBUG=1",
					"$(inherited)",
				);
				GCC_WARN_64_TO_32_BIT_CONVERSION = YES;
				GCC_WARN_ABOUT_RETURN_TYPE = YES_ERROR;
				GCC_WARN_UNDECLARED_SELECTOR = YES;
				GCC_WARN_UNINITIALIZED_AUTOS = YES_AGGRESSIVE;
				GCC_WARN_UNUSED_FUNCTION = YES;
				GCC_WARN_UNUSED_VARIABLE = YES;
				IPHONEOS_DEPLOYMENT_TARGET = 17.0;
				LOCALIZATION_PREFERS_STRING_CATALOGS = YES;
				MTL_ENABLE_DEBUG_INFO = INCLUDE_SOURCE;
				MTL_FAST_MATH = YES;
				ONLY_ACTIVE_ARCH = YES;
				SDKROOT = iphoneos;
				SWIFT_ACTIVE_COMPILATION_CONDITIONS = "DEBUG $(inherited)";
				SWIFT_OPTIMIZATION_LEVEL = "-Onone";
			};
			name = Debug;
		};
		EB3F175D2B9EABB0000F149C /* Release */ = {
			isa = XCBuildConfiguration;
			buildSettings = {
				ALWAYS_SEARCH_USER_PATHS = NO;
				ASSETCATALOG_COMPILER_GENERATE_SWIFT_ASSET_SYMBOL_EXTENSIONS = YES;
				CLANG_ANALYZER_NONNULL = YES;
				CLANG_ANALYZER_NUMBER_OBJECT_CONVERSION = YES_AGGRESSIVE;
				CLANG_CXX_LANGUAGE_STANDARD = "gnu++20";
				CLANG_ENABLE_MODULES = YES;
				CLANG_ENABLE_OBJC_ARC = YES;
				CLANG_ENABLE_OBJC_WEAK = YES;
				CLANG_WARN_BLOCK_CAPTURE_AUTORELEASING = YES;
				CLANG_WARN_BOOL_CONVERSION = YES;
				CLANG_WARN_COMMA = YES;
				CLANG_WARN_CONSTANT_CONVERSION = YES;
				CLANG_WARN_DEPRECATED_OBJC_IMPLEMENTATIONS = YES;
				CLANG_WARN_DIRECT_OBJC_ISA_USAGE = YES_ERROR;
				CLANG_WARN_DOCUMENTATION_COMMENTS = YES;
				CLANG_WARN_EMPTY_BODY = YES;
				CLANG_WARN_ENUM_CONVERSION = YES;
				CLANG_WARN_INFINITE_RECURSION = YES;
				CLANG_WARN_INT_CONVERSION = YES;
				CLANG_WARN_NON_LITERAL_NULL_CONVERSION = YES;
				CLANG_WARN_OBJC_IMPLICIT_RETAIN_SELF = YES;
				CLANG_WARN_OBJC_LITERAL_CONVERSION = YES;
				CLANG_WARN_OBJC_ROOT_CLASS = YES_ERROR;
				CLANG_WARN_QUOTED_INCLUDE_IN_FRAMEWORK_HEADER = YES;
				CLANG_WARN_RANGE_LOOP_ANALYSIS = YES;
				CLANG_WARN_STRICT_PROTOTYPES = YES;
				CLANG_WARN_SUSPICIOUS_MOVE = YES;
				CLANG_WARN_UNGUARDED_AVAILABILITY = YES_AGGRESSIVE;
				CLANG_WARN_UNREACHABLE_CODE = YES;
				CLANG_WARN__DUPLICATE_METHOD_MATCH = YES;
				COPY_PHASE_STRIP = NO;
				DEBUG_INFORMATION_FORMAT = "dwarf-with-dsym";
				ENABLE_NS_ASSERTIONS = NO;
				ENABLE_STRICT_OBJC_MSGSEND = YES;
				ENABLE_USER_SCRIPT_SANDBOXING = YES;
				GCC_C_LANGUAGE_STANDARD = gnu17;
				GCC_NO_COMMON_BLOCKS = YES;
				GCC_WARN_64_TO_32_BIT_CONVERSION = YES;
				GCC_WARN_ABOUT_RETURN_TYPE = YES_ERROR;
				GCC_WARN_UNDECLARED_SELECTOR = YES;
				GCC_WARN_UNINITIALIZED_AUTOS = YES_AGGRESSIVE;
				GCC_WARN_UNUSED_FUNCTION = YES;
				GCC_WARN_UNUSED_VARIABLE = YES;
				IPHONEOS_DEPLOYMENT_TARGET = 17.0;
				LOCALIZATION_PREFERS_STRING_CATALOGS = YES;
				MTL_ENABLE_DEBUG_INFO = NO;
				MTL_FAST_MATH = YES;
				SDKROOT = iphoneos;
				SWIFT_COMPILATION_MODE = wholemodule;
				VALIDATE_PRODUCT = YES;
			};
			name = Release;
		};
		EB3F175F2B9EABB0000F149C /* Debug */ = {
			isa = XCBuildConfiguration;
			baseConfigurationReference = B86801A14BE45331A3AE1EEA /* Pods-Chat-App-SwiftUI.debug.xcconfig */;
			buildSettings = {
				ASSETCATALOG_COMPILER_APPICON_NAME = AppIcon;
				ASSETCATALOG_COMPILER_GLOBAL_ACCENT_COLOR_NAME = AccentColor;
				CODE_SIGN_STYLE = Automatic;
				CURRENT_PROJECT_VERSION = 1;
				DEVELOPMENT_ASSET_PATHS = "\"Chat-App-SwiftUI/Preview Content\"";
				DEVELOPMENT_TEAM = 64GY4CQTQ3;
				ENABLE_PREVIEWS = YES;
				ENABLE_USER_SCRIPT_SANDBOXING = NO;
				GENERATE_INFOPLIST_FILE = YES;
				INFOPLIST_FILE = "Chat-App-SwiftUI/Info.plist";
				INFOPLIST_KEY_UIApplicationSceneManifest_Generation = YES;
				INFOPLIST_KEY_UIApplicationSupportsIndirectInputEvents = YES;
				INFOPLIST_KEY_UILaunchScreen_Generation = YES;
				INFOPLIST_KEY_UISupportedInterfaceOrientations_iPad = "UIInterfaceOrientationPortrait UIInterfaceOrientationPortraitUpsideDown UIInterfaceOrientationLandscapeLeft UIInterfaceOrientationLandscapeRight";
				INFOPLIST_KEY_UISupportedInterfaceOrientations_iPhone = "UIInterfaceOrientationPortrait UIInterfaceOrientationLandscapeLeft UIInterfaceOrientationLandscapeRight";
				LD_RUNPATH_SEARCH_PATHS = (
					"$(inherited)",
					"@executable_path/Frameworks",
				);
				MARKETING_VERSION = 1.0;
				PRODUCT_BUNDLE_IDENTIFIER = "anuradha.Chat-App-SwiftUI";
				PRODUCT_NAME = "$(TARGET_NAME)";
				SWIFT_EMIT_LOC_STRINGS = YES;
				SWIFT_VERSION = 5.0;
				TARGETED_DEVICE_FAMILY = "1,2";
			};
			name = Debug;
		};
		EB3F17602B9EABB0000F149C /* Release */ = {
			isa = XCBuildConfiguration;
			baseConfigurationReference = 8D351189CB0077AE0DA0F002 /* Pods-Chat-App-SwiftUI.release.xcconfig */;
			buildSettings = {
				ASSETCATALOG_COMPILER_APPICON_NAME = AppIcon;
				ASSETCATALOG_COMPILER_GLOBAL_ACCENT_COLOR_NAME = AccentColor;
				CODE_SIGN_STYLE = Automatic;
				CURRENT_PROJECT_VERSION = 1;
				DEVELOPMENT_ASSET_PATHS = "\"Chat-App-SwiftUI/Preview Content\"";
				DEVELOPMENT_TEAM = 64GY4CQTQ3;
				ENABLE_PREVIEWS = YES;
				ENABLE_USER_SCRIPT_SANDBOXING = NO;
				GENERATE_INFOPLIST_FILE = YES;
				INFOPLIST_FILE = "Chat-App-SwiftUI/Info.plist";
				INFOPLIST_KEY_UIApplicationSceneManifest_Generation = YES;
				INFOPLIST_KEY_UIApplicationSupportsIndirectInputEvents = YES;
				INFOPLIST_KEY_UILaunchScreen_Generation = YES;
				INFOPLIST_KEY_UISupportedInterfaceOrientations_iPad = "UIInterfaceOrientationPortrait UIInterfaceOrientationPortraitUpsideDown UIInterfaceOrientationLandscapeLeft UIInterfaceOrientationLandscapeRight";
				INFOPLIST_KEY_UISupportedInterfaceOrientations_iPhone = "UIInterfaceOrientationPortrait UIInterfaceOrientationLandscapeLeft UIInterfaceOrientationLandscapeRight";
				LD_RUNPATH_SEARCH_PATHS = (
					"$(inherited)",
					"@executable_path/Frameworks",
				);
				MARKETING_VERSION = 1.0;
				PRODUCT_BUNDLE_IDENTIFIER = "anuradha.Chat-App-SwiftUI";
				PRODUCT_NAME = "$(TARGET_NAME)";
				SWIFT_EMIT_LOC_STRINGS = YES;
				SWIFT_VERSION = 5.0;
				TARGETED_DEVICE_FAMILY = "1,2";
			};
			name = Release;
		};
/* End XCBuildConfiguration section */

/* Begin XCConfigurationList section */
		EB3F174B2B9EABAD000F149C /* Build configuration list for PBXProject "Chat-App-SwiftUI" */ = {
			isa = XCConfigurationList;
			buildConfigurations = (
				EB3F175C2B9EABB0000F149C /* Debug */,
				EB3F175D2B9EABB0000F149C /* Release */,
			);
			defaultConfigurationIsVisible = 0;
			defaultConfigurationName = Release;
		};
		EB3F175E2B9EABB0000F149C /* Build configuration list for PBXNativeTarget "Chat-App-SwiftUI" */ = {
			isa = XCConfigurationList;
			buildConfigurations = (
				EB3F175F2B9EABB0000F149C /* Debug */,
				EB3F17602B9EABB0000F149C /* Release */,
			);
			defaultConfigurationIsVisible = 0;
			defaultConfigurationName = Release;
		};
/* End XCConfigurationList section */
	};
	rootObject = EB3F17482B9EABAD000F149C /* Project object */;
}
